
Microsoft Visual Studio Solution File, Format Version 12.00
# Visual Studio Version 17
VisualStudioVersion = 17.13.35806.99
MinimumVisualStudioVersion = 10.0.40219.1
Project("{FAE04EC0-301F-11D3-BF4B-00C04F79EFBC}") = "BusinessObjects", "BusinessObjects\BusinessObjects.csproj", "{2A0180EA-57B3-4495-B404-390293A6F3FF}"
EndProject
Project("{FAE04EC0-301F-11D3-BF4B-00C04F79EFBC}") = "DataAccessLayer", "DataAccessLayer\DataAccessLayer.csproj", "{37985445-718B-4C87-AAAD-016C396D81CC}"
EndProject
Project("{FAE04EC0-301F-11D3-BF4B-00C04F79EFBC}") = "Repositories", "Repositories\Repositories.csproj", "{CF877235-A480-41DA-B335-4BF821FE7AEC}"
EndProject
Project("{FAE04EC0-301F-11D3-BF4B-00C04F79EFBC}") = "Service", "Service\Service.csproj", "{E30B69F0-EF8C-4229-AAB0-767D5044805B}"
EndProject
Project("{FAE04EC0-301F-11D3-BF4B-00C04F79EFBC}") = "FUNewsManagementSystem", "FUNewsManagementSystem\FUNewsManagementSystem.csproj", "{7B6D3DFD-69E2-4197-B987-8F400BDCE8F1}"
EndProject
Project("{FAE04EC0-301F-11D3-BF4B-00C04F79EFBC}") = "TVANewManagementSystemRazorPage", "TVANewManagementSystemRazorPage\TVANewManagementSystemRazorPage.csproj", "{DF785AE6-0B75-4F62-B4D7-D6FBE66AD63A}"
EndProject
Global
	GlobalSection(SolutionConfigurationPlatforms) = preSolution
		Debug|Any CPU = Debug|Any CPU
		Release|Any CPU = Release|Any CPU
	EndGlobalSection
	GlobalSection(ProjectConfigurationPlatforms) = postSolution
		{2A0180EA-57B3-4495-B404-390293A6F3FF}.Debug|Any CPU.ActiveCfg = Debug|Any CPU
		{2A0180EA-57B3-4495-B404-390293A6F3FF}.Debug|Any CPU.Build.0 = Debug|Any CPU
		{2A0180EA-57B3-4495-B404-390293A6F3FF}.Release|Any CPU.ActiveCfg = Release|Any CPU
		{2A0180EA-57B3-4495-B404-390293A6F3FF}.Release|Any CPU.Build.0 = Release|Any CPU
		{37985445-718B-4C87-AAAD-016C396D81CC}.Debug|Any CPU.ActiveCfg = Debug|Any CPU
		{37985445-718B-4C87-AAAD-016C396D81CC}.Debug|Any CPU.Build.0 = Debug|Any CPU
		{37985445-718B-4C87-AAAD-016C396D81CC}.Release|Any CPU.ActiveCfg = Release|Any CPU
		{37985445-718B-4C87-AAAD-016C396D81CC}.Release|Any CPU.Build.0 = Release|Any CPU
		{CF877235-A480-41DA-B335-4BF821FE7AEC}.Debug|Any CPU.ActiveCfg = Debug|Any CPU
		{CF877235-A480-41DA-B335-4BF821FE7AEC}.Debug|Any CPU.Build.0 = Debug|Any CPU
		{CF877235-A480-41DA-B335-4BF821FE7AEC}.Release|Any CPU.ActiveCfg = Release|Any CPU
		{CF877235-A480-41DA-B335-4BF821FE7AEC}.Release|Any CPU.Build.0 = Release|Any CPU
		{E30B69F0-EF8C-4229-AAB0-767D5044805B}.Debug|Any CPU.ActiveCfg = Debug|Any CPU
		{E30B69F0-EF8C-4229-AAB0-767D5044805B}.Debug|Any CPU.Build.0 = Debug|Any CPU
		{E30B69F0-EF8C-4229-AAB0-767D5044805B}.Release|Any CPU.ActiveCfg = Release|Any CPU
		{E30B69F0-EF8C-4229-AAB0-767D5044805B}.Release|Any CPU.Build.0 = Release|Any CPU
		{7B6D3DFD-69E2-4197-B987-8F400BDCE8F1}.Debug|Any CPU.ActiveCfg = Debug|Any CPU
		{7B6D3DFD-69E2-4197-B987-8F400BDCE8F1}.Debug|Any CPU.Build.0 = Debug|Any CPU
		{7B6D3DFD-69E2-4197-B987-8F400BDCE8F1}.Release|Any CPU.ActiveCfg = Release|Any CPU
		{7B6D3DFD-69E2-4197-B987-8F400BDCE8F1}.Release|Any CPU.Build.0 = Release|Any CPU
		{DF785AE6-0B75-4F62-B4D7-D6FBE66AD63A}.Debug|Any CPU.ActiveCfg = Debug|Any CPU
		{DF785AE6-0B75-4F62-B4D7-D6FBE66AD63A}.Debug|Any CPU.Build.0 = Debug|Any CPU
		{DF785AE6-0B75-4F62-B4D7-D6FBE66AD63A}.Release|Any CPU.ActiveCfg = Release|Any CPU
		{DF785AE6-0B75-4F62-B4D7-D6FBE66AD63A}.Release|Any CPU.Build.0 = Release|Any CPU
	EndGlobalSection
	GlobalSection(SolutionProperties) = preSolution
		HideSolutionNode = FALSE
	EndGlobalSection
	GlobalSection(ExtensibilityGlobals) = postSolution
		SolutionGuid = {2A65CA91-6486-4AFC-A4C4-8A333BD00D42}
	EndGlobalSection
EndGlobal
